
Microsoft Visual Studio Solution File, Format Version 12.00
# Visual Studio 14
VisualStudioVersion = 14.0.25420.1
MinimumVisualStudioVersion = 10.0.40219.1
Project("{2150E333-8FDC-42A3-9474-1A3956D46DE8}") = "src", "src", "{7FCF8D3B-BA55-4C47-AC60-5CEF75418BEB}"
EndProject
Project("{2150E333-8FDC-42A3-9474-1A3956D46DE8}") = "Solution Items", "Solution Items", "{DAAF8928-DAFA-47A7-8E43-FD20590CCF6E}"
	ProjectSection(SolutionItems) = preProject
		global.json = global.json
		NuGet.Config = NuGet.Config
	EndProjectSection
EndProject
Project("{8BB2217D-0F2D-49D1-97BC-3654ED321F3B}") = "RawRabbit", "src\RawRabbit\RawRabbit.xproj", "{14195F79-B374-4FEB-BA3C-E24138542421}"
EndProject
Project("{2150E333-8FDC-42A3-9474-1A3956D46DE8}") = "test", "test", "{2F91E22A-AEBA-4BEF-9A03-C8232830F697}"
EndProject
Project("{8BB2217D-0F2D-49D1-97BC-3654ED321F3B}") = "RawRabbit.Attributes", "src\RawRabbit.Attributes\RawRabbit.Attributes.xproj", "{F17ABDF4-E121-4641-9B9A-546F5C842EC0}"
EndProject
Project("{8BB2217D-0F2D-49D1-97BC-3654ED321F3B}") = "RawRabbit.DependencyInjection.Autofac", "src\RawRabbit.DependencyInjection.Autofac\RawRabbit.DependencyInjection.Autofac.xproj", "{23381B29-382A-4CF7-B10F-9661C2EA4F75}"
EndProject
Project("{8BB2217D-0F2D-49D1-97BC-3654ED321F3B}") = "RawRabbit.DependencyInjection.Ninject", "src\RawRabbit.DependencyInjection.Ninject\RawRabbit.DependencyInjection.Ninject.xproj", "{B763B208-1986-4995-921B-0CE1D417EE83}"
EndProject
Project("{8BB2217D-0F2D-49D1-97BC-3654ED321F3B}") = "RawRabbit.Extensions", "src\RawRabbit.Extensions\RawRabbit.Extensions.xproj", "{F227BC8C-B0C9-4C62-8E9C-DA5707027E24}"
EndProject
Project("{8BB2217D-0F2D-49D1-97BC-3654ED321F3B}") = "RawRabbit.vNext", "src\RawRabbit.vNext\RawRabbit.vNext.xproj", "{62F08E39-36C4-4BE0-ADAF-4AA7FD91117B}"
EndProject
Project("{8BB2217D-0F2D-49D1-97BC-3654ED321F3B}") = "RawRabbit.Logging.Log4Net", "src\RawRabbit.Logging.Log4Net\RawRabbit.Logging.Log4Net.xproj", "{FA7F9725-DC41-425D-B6EA-BEAF6BA1BA4A}"
EndProject
Project("{8BB2217D-0F2D-49D1-97BC-3654ED321F3B}") = "RawRabbit.Logging.NLog", "src\RawRabbit.Logging.NLog\RawRabbit.Logging.NLog.xproj", "{38383E3A-84D6-45A2-BE38-E848BE436587}"
EndProject
Project("{8BB2217D-0F2D-49D1-97BC-3654ED321F3B}") = "RawRabbit.Logging.Serilog", "src\RawRabbit.Logging.Serilog\RawRabbit.Logging.Serilog.xproj", "{78C75F6F-E8CF-45FD-9F84-590A05A168D3}"
EndProject
Project("{2150E333-8FDC-42A3-9474-1A3956D46DE8}") = "sample", "sample", "{CD0B1BD5-CEE9-4E4E-9266-19A18D5E5AF1}"
EndProject
Project("{8BB2217D-0F2D-49D1-97BC-3654ED321F3B}") = "RawRabbit.Messages.Sample", "sample\RawRabbit.Messages.Sample\RawRabbit.Messages.Sample.xproj", "{368BE2B7-456D-474F-A460-7C19E633C7DB}"
EndProject
Project("{8BB2217D-0F2D-49D1-97BC-3654ED321F3B}") = "RawRabbit.AspNet.Sample", "sample\RawRabbit.AspNet.Sample\RawRabbit.AspNet.Sample.xproj", "{313A89F7-B0DD-4559-BE59-C1684C41689F}"
EndProject
Project("{8BB2217D-0F2D-49D1-97BC-3654ED321F3B}") = "RawRabbit.ConsoleApp.Sample", "sample\RawRabbit.ConsoleApp.Sample\RawRabbit.ConsoleApp.Sample.xproj", "{70157E2B-961A-4029-A21A-BBBA15066755}"
EndProject
Project("{8BB2217D-0F2D-49D1-97BC-3654ED321F3B}") = "RawRabbit.Tests", "test\RawRabbit.Tests\RawRabbit.Tests.xproj", "{BCCCEBD4-7456-43F7-93C5-380C563705DA}"
EndProject
Project("{8BB2217D-0F2D-49D1-97BC-3654ED321F3B}") = "RawRabbit.IntegrationTests", "test\RawRabbit.IntegrationTests\RawRabbit.IntegrationTests.xproj", "{98C9E1D2-CBD2-4058-BE9F-BB5F0F3795B4}"
EndProject
Project("{8BB2217D-0F2D-49D1-97BC-3654ED321F3B}") = "RawRabbit.Operations.Publish", "src\RawRabbit.Operations.Publish\RawRabbit.Operations.Publish.xproj", "{569B0E27-FA00-41EC-82AD-B60C121D5799}"
EndProject
Project("{8BB2217D-0F2D-49D1-97BC-3654ED321F3B}") = "RawRabbit.Operations.Subscribe", "src\RawRabbit.Operations.Subscribe\RawRabbit.Operations.Subscribe.xproj", "{09428754-16D9-457E-A9C4-8C62D745D5CB}"
EndProject
Project("{8BB2217D-0F2D-49D1-97BC-3654ED321F3B}") = "RawRabbit.Compatibility.Legacy", "src\RawRabbit.Compatibility.Legacy\RawRabbit.Compatibility.Legacy.xproj", "{D15DC347-BD32-4B1F-9ED3-958851E81CDF}"
EndProject
Project("{8BB2217D-0F2D-49D1-97BC-3654ED321F3B}") = "RawRabbit.Enrichers.MessageContext.Subscribe", "src\RawRabbit.Enrichers.MessageContext.Subscribe\RawRabbit.Enrichers.MessageContext.Subscribe.xproj", "{608C761A-CC99-40A6-B474-C6783C7E47E8}"
EndProject
Project("{8BB2217D-0F2D-49D1-97BC-3654ED321F3B}") = "RawRabbit.Enrichers.MessageContext.Publish", "src\RawRabbit.Enrichers.MessageContext.Publish\RawRabbit.Enrichers.MessageContext.Publish.xproj", "{8666F0E6-736B-46D3-AECF-F96A46273BE3}"
EndProject
Project("{8BB2217D-0F2D-49D1-97BC-3654ED321F3B}") = "RawRabbit.Enrichers.MessageContext.Chaining", "src\RawRabbit.Enrichers.MessageContext.Chaining\RawRabbit.Enrichers.MessageContext.Chaining.xproj", "{14257A67-55A9-4DFD-BCCF-A054F57FD39D}"
EndProject
Project("{8BB2217D-0F2D-49D1-97BC-3654ED321F3B}") = "RawRabbit.Operations.Request", "src\RawRabbit.Operations.Request\RawRabbit.Operations.Request.xproj", "{E970BC44-5D50-480B-8477-0B82315AB99A}"
EndProject
Project("{8BB2217D-0F2D-49D1-97BC-3654ED321F3B}") = "RawRabbit.Operations.Respond", "src\RawRabbit.Operations.Respond\RawRabbit.Operations.Respond.xproj", "{9B40CE36-B5B1-4D33-B027-5A3D80554791}"
EndProject
Global
	GlobalSection(SolutionConfigurationPlatforms) = preSolution
		Debug|Any CPU = Debug|Any CPU
		Release|Any CPU = Release|Any CPU
	EndGlobalSection
	GlobalSection(ProjectConfigurationPlatforms) = postSolution
		{14195F79-B374-4FEB-BA3C-E24138542421}.Debug|Any CPU.ActiveCfg = Debug|Any CPU
		{14195F79-B374-4FEB-BA3C-E24138542421}.Debug|Any CPU.Build.0 = Debug|Any CPU
		{14195F79-B374-4FEB-BA3C-E24138542421}.Release|Any CPU.ActiveCfg = Release|Any CPU
		{14195F79-B374-4FEB-BA3C-E24138542421}.Release|Any CPU.Build.0 = Release|Any CPU
		{F17ABDF4-E121-4641-9B9A-546F5C842EC0}.Debug|Any CPU.ActiveCfg = Debug|Any CPU
		{F17ABDF4-E121-4641-9B9A-546F5C842EC0}.Debug|Any CPU.Build.0 = Debug|Any CPU
		{F17ABDF4-E121-4641-9B9A-546F5C842EC0}.Release|Any CPU.ActiveCfg = Release|Any CPU
		{F17ABDF4-E121-4641-9B9A-546F5C842EC0}.Release|Any CPU.Build.0 = Release|Any CPU
		{23381B29-382A-4CF7-B10F-9661C2EA4F75}.Debug|Any CPU.ActiveCfg = Debug|Any CPU
		{23381B29-382A-4CF7-B10F-9661C2EA4F75}.Debug|Any CPU.Build.0 = Debug|Any CPU
		{23381B29-382A-4CF7-B10F-9661C2EA4F75}.Release|Any CPU.ActiveCfg = Release|Any CPU
		{23381B29-382A-4CF7-B10F-9661C2EA4F75}.Release|Any CPU.Build.0 = Release|Any CPU
		{B763B208-1986-4995-921B-0CE1D417EE83}.Debug|Any CPU.ActiveCfg = Debug|Any CPU
		{B763B208-1986-4995-921B-0CE1D417EE83}.Debug|Any CPU.Build.0 = Debug|Any CPU
		{B763B208-1986-4995-921B-0CE1D417EE83}.Release|Any CPU.ActiveCfg = Release|Any CPU
		{B763B208-1986-4995-921B-0CE1D417EE83}.Release|Any CPU.Build.0 = Release|Any CPU
		{F227BC8C-B0C9-4C62-8E9C-DA5707027E24}.Debug|Any CPU.ActiveCfg = Debug|Any CPU
		{F227BC8C-B0C9-4C62-8E9C-DA5707027E24}.Debug|Any CPU.Build.0 = Debug|Any CPU
		{F227BC8C-B0C9-4C62-8E9C-DA5707027E24}.Release|Any CPU.ActiveCfg = Release|Any CPU
		{F227BC8C-B0C9-4C62-8E9C-DA5707027E24}.Release|Any CPU.Build.0 = Release|Any CPU
		{62F08E39-36C4-4BE0-ADAF-4AA7FD91117B}.Debug|Any CPU.ActiveCfg = Debug|Any CPU
		{62F08E39-36C4-4BE0-ADAF-4AA7FD91117B}.Debug|Any CPU.Build.0 = Debug|Any CPU
		{62F08E39-36C4-4BE0-ADAF-4AA7FD91117B}.Release|Any CPU.ActiveCfg = Release|Any CPU
		{62F08E39-36C4-4BE0-ADAF-4AA7FD91117B}.Release|Any CPU.Build.0 = Release|Any CPU
		{FA7F9725-DC41-425D-B6EA-BEAF6BA1BA4A}.Debug|Any CPU.ActiveCfg = Debug|Any CPU
		{FA7F9725-DC41-425D-B6EA-BEAF6BA1BA4A}.Debug|Any CPU.Build.0 = Debug|Any CPU
		{FA7F9725-DC41-425D-B6EA-BEAF6BA1BA4A}.Release|Any CPU.ActiveCfg = Release|Any CPU
		{FA7F9725-DC41-425D-B6EA-BEAF6BA1BA4A}.Release|Any CPU.Build.0 = Release|Any CPU
		{38383E3A-84D6-45A2-BE38-E848BE436587}.Debug|Any CPU.ActiveCfg = Debug|Any CPU
		{38383E3A-84D6-45A2-BE38-E848BE436587}.Debug|Any CPU.Build.0 = Debug|Any CPU
		{38383E3A-84D6-45A2-BE38-E848BE436587}.Release|Any CPU.ActiveCfg = Release|Any CPU
		{38383E3A-84D6-45A2-BE38-E848BE436587}.Release|Any CPU.Build.0 = Release|Any CPU
		{78C75F6F-E8CF-45FD-9F84-590A05A168D3}.Debug|Any CPU.ActiveCfg = Debug|Any CPU
		{78C75F6F-E8CF-45FD-9F84-590A05A168D3}.Debug|Any CPU.Build.0 = Debug|Any CPU
		{78C75F6F-E8CF-45FD-9F84-590A05A168D3}.Release|Any CPU.ActiveCfg = Release|Any CPU
		{78C75F6F-E8CF-45FD-9F84-590A05A168D3}.Release|Any CPU.Build.0 = Release|Any CPU
		{368BE2B7-456D-474F-A460-7C19E633C7DB}.Debug|Any CPU.ActiveCfg = Debug|Any CPU
		{368BE2B7-456D-474F-A460-7C19E633C7DB}.Debug|Any CPU.Build.0 = Debug|Any CPU
		{368BE2B7-456D-474F-A460-7C19E633C7DB}.Release|Any CPU.ActiveCfg = Release|Any CPU
		{368BE2B7-456D-474F-A460-7C19E633C7DB}.Release|Any CPU.Build.0 = Release|Any CPU
		{313A89F7-B0DD-4559-BE59-C1684C41689F}.Debug|Any CPU.ActiveCfg = Debug|Any CPU
		{313A89F7-B0DD-4559-BE59-C1684C41689F}.Debug|Any CPU.Build.0 = Debug|Any CPU
		{313A89F7-B0DD-4559-BE59-C1684C41689F}.Release|Any CPU.ActiveCfg = Release|Any CPU
		{313A89F7-B0DD-4559-BE59-C1684C41689F}.Release|Any CPU.Build.0 = Release|Any CPU
		{70157E2B-961A-4029-A21A-BBBA15066755}.Debug|Any CPU.ActiveCfg = Debug|Any CPU
		{70157E2B-961A-4029-A21A-BBBA15066755}.Debug|Any CPU.Build.0 = Debug|Any CPU
		{70157E2B-961A-4029-A21A-BBBA15066755}.Release|Any CPU.ActiveCfg = Release|Any CPU
		{70157E2B-961A-4029-A21A-BBBA15066755}.Release|Any CPU.Build.0 = Release|Any CPU
		{BCCCEBD4-7456-43F7-93C5-380C563705DA}.Debug|Any CPU.ActiveCfg = Debug|Any CPU
		{BCCCEBD4-7456-43F7-93C5-380C563705DA}.Debug|Any CPU.Build.0 = Debug|Any CPU
		{BCCCEBD4-7456-43F7-93C5-380C563705DA}.Release|Any CPU.ActiveCfg = Release|Any CPU
		{BCCCEBD4-7456-43F7-93C5-380C563705DA}.Release|Any CPU.Build.0 = Release|Any CPU
		{98C9E1D2-CBD2-4058-BE9F-BB5F0F3795B4}.Debug|Any CPU.ActiveCfg = Debug|Any CPU
		{98C9E1D2-CBD2-4058-BE9F-BB5F0F3795B4}.Debug|Any CPU.Build.0 = Debug|Any CPU
		{98C9E1D2-CBD2-4058-BE9F-BB5F0F3795B4}.Release|Any CPU.ActiveCfg = Release|Any CPU
		{98C9E1D2-CBD2-4058-BE9F-BB5F0F3795B4}.Release|Any CPU.Build.0 = Release|Any CPU
		{569B0E27-FA00-41EC-82AD-B60C121D5799}.Debug|Any CPU.ActiveCfg = Debug|Any CPU
		{569B0E27-FA00-41EC-82AD-B60C121D5799}.Debug|Any CPU.Build.0 = Debug|Any CPU
		{569B0E27-FA00-41EC-82AD-B60C121D5799}.Release|Any CPU.ActiveCfg = Release|Any CPU
		{569B0E27-FA00-41EC-82AD-B60C121D5799}.Release|Any CPU.Build.0 = Release|Any CPU
		{09428754-16D9-457E-A9C4-8C62D745D5CB}.Debug|Any CPU.ActiveCfg = Debug|Any CPU
		{09428754-16D9-457E-A9C4-8C62D745D5CB}.Debug|Any CPU.Build.0 = Debug|Any CPU
		{09428754-16D9-457E-A9C4-8C62D745D5CB}.Release|Any CPU.ActiveCfg = Release|Any CPU
		{09428754-16D9-457E-A9C4-8C62D745D5CB}.Release|Any CPU.Build.0 = Release|Any CPU
		{D15DC347-BD32-4B1F-9ED3-958851E81CDF}.Debug|Any CPU.ActiveCfg = Debug|Any CPU
		{D15DC347-BD32-4B1F-9ED3-958851E81CDF}.Debug|Any CPU.Build.0 = Debug|Any CPU
		{D15DC347-BD32-4B1F-9ED3-958851E81CDF}.Release|Any CPU.ActiveCfg = Release|Any CPU
		{D15DC347-BD32-4B1F-9ED3-958851E81CDF}.Release|Any CPU.Build.0 = Release|Any CPU
		{608C761A-CC99-40A6-B474-C6783C7E47E8}.Debug|Any CPU.ActiveCfg = Debug|Any CPU
		{608C761A-CC99-40A6-B474-C6783C7E47E8}.Debug|Any CPU.Build.0 = Debug|Any CPU
		{608C761A-CC99-40A6-B474-C6783C7E47E8}.Release|Any CPU.ActiveCfg = Release|Any CPU
		{608C761A-CC99-40A6-B474-C6783C7E47E8}.Release|Any CPU.Build.0 = Release|Any CPU
		{8666F0E6-736B-46D3-AECF-F96A46273BE3}.Debug|Any CPU.ActiveCfg = Debug|Any CPU
		{8666F0E6-736B-46D3-AECF-F96A46273BE3}.Debug|Any CPU.Build.0 = Debug|Any CPU
		{8666F0E6-736B-46D3-AECF-F96A46273BE3}.Release|Any CPU.ActiveCfg = Release|Any CPU
		{8666F0E6-736B-46D3-AECF-F96A46273BE3}.Release|Any CPU.Build.0 = Release|Any CPU
		{14257A67-55A9-4DFD-BCCF-A054F57FD39D}.Debug|Any CPU.ActiveCfg = Debug|Any CPU
		{14257A67-55A9-4DFD-BCCF-A054F57FD39D}.Debug|Any CPU.Build.0 = Debug|Any CPU
		{14257A67-55A9-4DFD-BCCF-A054F57FD39D}.Release|Any CPU.ActiveCfg = Release|Any CPU
		{14257A67-55A9-4DFD-BCCF-A054F57FD39D}.Release|Any CPU.Build.0 = Release|Any CPU
		{E970BC44-5D50-480B-8477-0B82315AB99A}.Debug|Any CPU.ActiveCfg = Debug|Any CPU
		{E970BC44-5D50-480B-8477-0B82315AB99A}.Debug|Any CPU.Build.0 = Debug|Any CPU
		{E970BC44-5D50-480B-8477-0B82315AB99A}.Release|Any CPU.ActiveCfg = Release|Any CPU
		{E970BC44-5D50-480B-8477-0B82315AB99A}.Release|Any CPU.Build.0 = Release|Any CPU
		{9B40CE36-B5B1-4D33-B027-5A3D80554791}.Debug|Any CPU.ActiveCfg = Debug|Any CPU
		{9B40CE36-B5B1-4D33-B027-5A3D80554791}.Debug|Any CPU.Build.0 = Debug|Any CPU
		{9B40CE36-B5B1-4D33-B027-5A3D80554791}.Release|Any CPU.ActiveCfg = Release|Any CPU
		{9B40CE36-B5B1-4D33-B027-5A3D80554791}.Release|Any CPU.Build.0 = Release|Any CPU
	EndGlobalSection
	GlobalSection(SolutionProperties) = preSolution
		HideSolutionNode = FALSE
	EndGlobalSection
	GlobalSection(NestedProjects) = preSolution
		{14195F79-B374-4FEB-BA3C-E24138542421} = {7FCF8D3B-BA55-4C47-AC60-5CEF75418BEB}
		{F17ABDF4-E121-4641-9B9A-546F5C842EC0} = {7FCF8D3B-BA55-4C47-AC60-5CEF75418BEB}
		{23381B29-382A-4CF7-B10F-9661C2EA4F75} = {7FCF8D3B-BA55-4C47-AC60-5CEF75418BEB}
		{B763B208-1986-4995-921B-0CE1D417EE83} = {7FCF8D3B-BA55-4C47-AC60-5CEF75418BEB}
		{F227BC8C-B0C9-4C62-8E9C-DA5707027E24} = {7FCF8D3B-BA55-4C47-AC60-5CEF75418BEB}
		{62F08E39-36C4-4BE0-ADAF-4AA7FD91117B} = {7FCF8D3B-BA55-4C47-AC60-5CEF75418BEB}
		{FA7F9725-DC41-425D-B6EA-BEAF6BA1BA4A} = {7FCF8D3B-BA55-4C47-AC60-5CEF75418BEB}
		{38383E3A-84D6-45A2-BE38-E848BE436587} = {7FCF8D3B-BA55-4C47-AC60-5CEF75418BEB}
		{78C75F6F-E8CF-45FD-9F84-590A05A168D3} = {7FCF8D3B-BA55-4C47-AC60-5CEF75418BEB}
		{368BE2B7-456D-474F-A460-7C19E633C7DB} = {CD0B1BD5-CEE9-4E4E-9266-19A18D5E5AF1}
		{313A89F7-B0DD-4559-BE59-C1684C41689F} = {CD0B1BD5-CEE9-4E4E-9266-19A18D5E5AF1}
		{70157E2B-961A-4029-A21A-BBBA15066755} = {CD0B1BD5-CEE9-4E4E-9266-19A18D5E5AF1}
		{BCCCEBD4-7456-43F7-93C5-380C563705DA} = {2F91E22A-AEBA-4BEF-9A03-C8232830F697}
		{98C9E1D2-CBD2-4058-BE9F-BB5F0F3795B4} = {2F91E22A-AEBA-4BEF-9A03-C8232830F697}
		{569B0E27-FA00-41EC-82AD-B60C121D5799} = {7FCF8D3B-BA55-4C47-AC60-5CEF75418BEB}
		{09428754-16D9-457E-A9C4-8C62D745D5CB} = {7FCF8D3B-BA55-4C47-AC60-5CEF75418BEB}
		{D15DC347-BD32-4B1F-9ED3-958851E81CDF} = {7FCF8D3B-BA55-4C47-AC60-5CEF75418BEB}
		{608C761A-CC99-40A6-B474-C6783C7E47E8} = {7FCF8D3B-BA55-4C47-AC60-5CEF75418BEB}
		{8666F0E6-736B-46D3-AECF-F96A46273BE3} = {7FCF8D3B-BA55-4C47-AC60-5CEF75418BEB}
		{14257A67-55A9-4DFD-BCCF-A054F57FD39D} = {7FCF8D3B-BA55-4C47-AC60-5CEF75418BEB}
		{E970BC44-5D50-480B-8477-0B82315AB99A} = {7FCF8D3B-BA55-4C47-AC60-5CEF75418BEB}
		{9B40CE36-B5B1-4D33-B027-5A3D80554791} = {7FCF8D3B-BA55-4C47-AC60-5CEF75418BEB}
	EndGlobalSection
EndGlobal
