
Microsoft Visual Studio Solution File, Format Version 12.00
# Visual Studio 14
VisualStudioVersion = 14.0.25123.0
MinimumVisualStudioVersion = 10.0.40219.1
Project("{2150E333-8FDC-42A3-9474-1A3956D46DE8}") = "src", "src", "{7FCF8D3B-BA55-4C47-AC60-5CEF75418BEB}"
EndProject
Project("{2150E333-8FDC-42A3-9474-1A3956D46DE8}") = "Solution Items", "Solution Items", "{DAAF8928-DAFA-47A7-8E43-FD20590CCF6E}"
	ProjectSection(SolutionItems) = preProject
		global.json = global.json
		NuGet.Config = NuGet.Config
	EndProjectSection
EndProject
Project("{8BB2217D-0F2D-49D1-97BC-3654ED321F3B}") = "RawRabbit", "src\RawRabbit\RawRabbit.xproj", "{14195F79-B374-4FEB-BA3C-E24138542421}"
EndProject
Project("{2150E333-8FDC-42A3-9474-1A3956D46DE8}") = "test", "test", "{2F91E22A-AEBA-4BEF-9A03-C8232830F697}"
EndProject
Project("{8BB2217D-0F2D-49D1-97BC-3654ED321F3B}") = "RawRabbit.Attributes", "src\RawRabbit.Attributes\RawRabbit.Attributes.xproj", "{F17ABDF4-E121-4641-9B9A-546F5C842EC0}"
EndProject
Project("{8BB2217D-0F2D-49D1-97BC-3654ED321F3B}") = "RawRabbit.DependencyInjection.Autofac", "src\RawRabbit.DependencyInjection.Autofac\RawRabbit.DependencyInjection.Autofac.xproj", "{23381B29-382A-4CF7-B10F-9661C2EA4F75}"
EndProject
Project("{8BB2217D-0F2D-49D1-97BC-3654ED321F3B}") = "RawRabbit.DependencyInjection.Ninject", "src\RawRabbit.DependencyInjection.Ninject\RawRabbit.DependencyInjection.Ninject.xproj", "{B763B208-1986-4995-921B-0CE1D417EE83}"
EndProject
Project("{8BB2217D-0F2D-49D1-97BC-3654ED321F3B}") = "RawRabbit.Extensions", "src\RawRabbit.Extensions\RawRabbit.Extensions.xproj", "{F227BC8C-B0C9-4C62-8E9C-DA5707027E24}"
EndProject
Project("{8BB2217D-0F2D-49D1-97BC-3654ED321F3B}") = "RawRabbit.vNext", "src\RawRabbit.vNext\RawRabbit.vNext.xproj", "{62F08E39-36C4-4BE0-ADAF-4AA7FD91117B}"
EndProject
Project("{8BB2217D-0F2D-49D1-97BC-3654ED321F3B}") = "RawRabbit.Logging.Log4Net", "src\RawRabbit.Logging.Log4Net\RawRabbit.Logging.Log4Net.xproj", "{FA7F9725-DC41-425D-B6EA-BEAF6BA1BA4A}"
EndProject
Project("{8BB2217D-0F2D-49D1-97BC-3654ED321F3B}") = "RawRabbit.Logging.NLog", "src\RawRabbit.Logging.NLog\RawRabbit.Logging.NLog.xproj", "{38383E3A-84D6-45A2-BE38-E848BE436587}"
EndProject
Project("{8BB2217D-0F2D-49D1-97BC-3654ED321F3B}") = "RawRabbit.Logging.Serilog", "src\RawRabbit.Logging.Serilog\RawRabbit.Logging.Serilog.xproj", "{78C75F6F-E8CF-45FD-9F84-590A05A168D3}"
EndProject
Project("{8BB2217D-0F2D-49D1-97BC-3654ED321F3B}") = "RawRabbit.Tests", "test\RawRabbit.Tests\RawRabbit.Tests.xproj", "{BCCCEBD4-7456-43F7-93C5-380C563705DA}"
EndProject
Project("{8BB2217D-0F2D-49D1-97BC-3654ED321F3B}") = "RawRabbit.IntegrationTests", "test\RawRabbit.IntegrationTests\RawRabbit.IntegrationTests.xproj", "{98C9E1D2-CBD2-4058-BE9F-BB5F0F3795B4}"
EndProject
Global
	GlobalSection(SolutionConfigurationPlatforms) = preSolution
		Debug|Any CPU = Debug|Any CPU
		Release|Any CPU = Release|Any CPU
	EndGlobalSection
	GlobalSection(ProjectConfigurationPlatforms) = postSolution
		{14195F79-B374-4FEB-BA3C-E24138542421}.Debug|Any CPU.ActiveCfg = Debug|Any CPU
		{14195F79-B374-4FEB-BA3C-E24138542421}.Debug|Any CPU.Build.0 = Debug|Any CPU
		{14195F79-B374-4FEB-BA3C-E24138542421}.Release|Any CPU.ActiveCfg = Release|Any CPU
		{14195F79-B374-4FEB-BA3C-E24138542421}.Release|Any CPU.Build.0 = Release|Any CPU
		{F17ABDF4-E121-4641-9B9A-546F5C842EC0}.Debug|Any CPU.ActiveCfg = Debug|Any CPU
		{F17ABDF4-E121-4641-9B9A-546F5C842EC0}.Debug|Any CPU.Build.0 = Debug|Any CPU
		{F17ABDF4-E121-4641-9B9A-546F5C842EC0}.Release|Any CPU.ActiveCfg = Release|Any CPU
		{F17ABDF4-E121-4641-9B9A-546F5C842EC0}.Release|Any CPU.Build.0 = Release|Any CPU
		{23381B29-382A-4CF7-B10F-9661C2EA4F75}.Debug|Any CPU.ActiveCfg = Debug|Any CPU
		{23381B29-382A-4CF7-B10F-9661C2EA4F75}.Debug|Any CPU.Build.0 = Debug|Any CPU
		{23381B29-382A-4CF7-B10F-9661C2EA4F75}.Release|Any CPU.ActiveCfg = Release|Any CPU
		{23381B29-382A-4CF7-B10F-9661C2EA4F75}.Release|Any CPU.Build.0 = Release|Any CPU
		{B763B208-1986-4995-921B-0CE1D417EE83}.Debug|Any CPU.ActiveCfg = Debug|Any CPU
		{B763B208-1986-4995-921B-0CE1D417EE83}.Debug|Any CPU.Build.0 = Debug|Any CPU
		{B763B208-1986-4995-921B-0CE1D417EE83}.Release|Any CPU.ActiveCfg = Release|Any CPU
		{B763B208-1986-4995-921B-0CE1D417EE83}.Release|Any CPU.Build.0 = Release|Any CPU
		{F227BC8C-B0C9-4C62-8E9C-DA5707027E24}.Debug|Any CPU.ActiveCfg = Debug|Any CPU
		{F227BC8C-B0C9-4C62-8E9C-DA5707027E24}.Debug|Any CPU.Build.0 = Debug|Any CPU
		{F227BC8C-B0C9-4C62-8E9C-DA5707027E24}.Release|Any CPU.ActiveCfg = Release|Any CPU
		{F227BC8C-B0C9-4C62-8E9C-DA5707027E24}.Release|Any CPU.Build.0 = Release|Any CPU
		{62F08E39-36C4-4BE0-ADAF-4AA7FD91117B}.Debug|Any CPU.ActiveCfg = Debug|Any CPU
		{62F08E39-36C4-4BE0-ADAF-4AA7FD91117B}.Debug|Any CPU.Build.0 = Debug|Any CPU
		{62F08E39-36C4-4BE0-ADAF-4AA7FD91117B}.Release|Any CPU.ActiveCfg = Release|Any CPU
		{62F08E39-36C4-4BE0-ADAF-4AA7FD91117B}.Release|Any CPU.Build.0 = Release|Any CPU
		{FA7F9725-DC41-425D-B6EA-BEAF6BA1BA4A}.Debug|Any CPU.ActiveCfg = Debug|Any CPU
		{FA7F9725-DC41-425D-B6EA-BEAF6BA1BA4A}.Debug|Any CPU.Build.0 = Debug|Any CPU
		{FA7F9725-DC41-425D-B6EA-BEAF6BA1BA4A}.Release|Any CPU.ActiveCfg = Release|Any CPU
		{FA7F9725-DC41-425D-B6EA-BEAF6BA1BA4A}.Release|Any CPU.Build.0 = Release|Any CPU
		{38383E3A-84D6-45A2-BE38-E848BE436587}.Debug|Any CPU.ActiveCfg = Debug|Any CPU
		{38383E3A-84D6-45A2-BE38-E848BE436587}.Debug|Any CPU.Build.0 = Debug|Any CPU
		{38383E3A-84D6-45A2-BE38-E848BE436587}.Release|Any CPU.ActiveCfg = Release|Any CPU
		{38383E3A-84D6-45A2-BE38-E848BE436587}.Release|Any CPU.Build.0 = Release|Any CPU
		{78C75F6F-E8CF-45FD-9F84-590A05A168D3}.Debug|Any CPU.ActiveCfg = Debug|Any CPU
		{78C75F6F-E8CF-45FD-9F84-590A05A168D3}.Debug|Any CPU.Build.0 = Debug|Any CPU
		{78C75F6F-E8CF-45FD-9F84-590A05A168D3}.Release|Any CPU.ActiveCfg = Release|Any CPU
		{78C75F6F-E8CF-45FD-9F84-590A05A168D3}.Release|Any CPU.Build.0 = Release|Any CPU
		{BCCCEBD4-7456-43F7-93C5-380C563705DA}.Debug|Any CPU.ActiveCfg = Debug|Any CPU
		{BCCCEBD4-7456-43F7-93C5-380C563705DA}.Debug|Any CPU.Build.0 = Debug|Any CPU
		{BCCCEBD4-7456-43F7-93C5-380C563705DA}.Release|Any CPU.ActiveCfg = Release|Any CPU
		{BCCCEBD4-7456-43F7-93C5-380C563705DA}.Release|Any CPU.Build.0 = Release|Any CPU
		{98C9E1D2-CBD2-4058-BE9F-BB5F0F3795B4}.Debug|Any CPU.ActiveCfg = Debug|Any CPU
		{98C9E1D2-CBD2-4058-BE9F-BB5F0F3795B4}.Debug|Any CPU.Build.0 = Debug|Any CPU
		{98C9E1D2-CBD2-4058-BE9F-BB5F0F3795B4}.Release|Any CPU.ActiveCfg = Release|Any CPU
		{98C9E1D2-CBD2-4058-BE9F-BB5F0F3795B4}.Release|Any CPU.Build.0 = Release|Any CPU
	EndGlobalSection
	GlobalSection(SolutionProperties) = preSolution
		HideSolutionNode = FALSE
	EndGlobalSection
	GlobalSection(NestedProjects) = preSolution
		{14195F79-B374-4FEB-BA3C-E24138542421} = {7FCF8D3B-BA55-4C47-AC60-5CEF75418BEB}
		{F17ABDF4-E121-4641-9B9A-546F5C842EC0} = {7FCF8D3B-BA55-4C47-AC60-5CEF75418BEB}
		{23381B29-382A-4CF7-B10F-9661C2EA4F75} = {7FCF8D3B-BA55-4C47-AC60-5CEF75418BEB}
		{B763B208-1986-4995-921B-0CE1D417EE83} = {7FCF8D3B-BA55-4C47-AC60-5CEF75418BEB}
		{F227BC8C-B0C9-4C62-8E9C-DA5707027E24} = {7FCF8D3B-BA55-4C47-AC60-5CEF75418BEB}
		{62F08E39-36C4-4BE0-ADAF-4AA7FD91117B} = {7FCF8D3B-BA55-4C47-AC60-5CEF75418BEB}
		{FA7F9725-DC41-425D-B6EA-BEAF6BA1BA4A} = {7FCF8D3B-BA55-4C47-AC60-5CEF75418BEB}
		{38383E3A-84D6-45A2-BE38-E848BE436587} = {7FCF8D3B-BA55-4C47-AC60-5CEF75418BEB}
		{78C75F6F-E8CF-45FD-9F84-590A05A168D3} = {7FCF8D3B-BA55-4C47-AC60-5CEF75418BEB}
		{BCCCEBD4-7456-43F7-93C5-380C563705DA} = {2F91E22A-AEBA-4BEF-9A03-C8232830F697}
		{98C9E1D2-CBD2-4058-BE9F-BB5F0F3795B4} = {2F91E22A-AEBA-4BEF-9A03-C8232830F697}
	EndGlobalSection
EndGlobal
